
Microsoft Visual Studio Solution File, Format Version 12.00
# Visual Studio Version 17
VisualStudioVersion = 17.9.34902.65
MinimumVisualStudioVersion = 10.0.40219.1
Project("{FAE04EC0-301F-11D3-BF4B-00C04F79EFBC}") = "MextFullstackSaaS.Domain", "MextFullstackSaaS.Domain\MextFullstackSaaS.Domain.csproj", "{2478162D-9212-42B1-A00D-A72D4C213F60}"
EndProject
Global
	GlobalSection(SolutionConfigurationPlatforms) = preSolution
		Debug|Any CPU = Debug|Any CPU
		Release|Any CPU = Release|Any CPU
	EndGlobalSection
	GlobalSection(ProjectConfigurationPlatforms) = postSolution
		{2478162D-9212-42B1-A00D-A72D4C213F60}.Debug|Any CPU.ActiveCfg = Debug|Any CPU
		{2478162D-9212-42B1-A00D-A72D4C213F60}.Debug|Any CPU.Build.0 = Debug|Any CPU
		{2478162D-9212-42B1-A00D-A72D4C213F60}.Release|Any CPU.ActiveCfg = Release|Any CPU
		{2478162D-9212-42B1-A00D-A72D4C213F60}.Release|Any CPU.Build.0 = Release|Any CPU
	EndGlobalSection
	GlobalSection(SolutionProperties) = preSolution
		HideSolutionNode = FALSE
	EndGlobalSection
	GlobalSection(ExtensibilityGlobals) = postSolution
		SolutionGuid = {5EE865E5-6E1F-43A6-AAA3-03E8427DE8BE}
	EndGlobalSection
EndGlobal
